// !$*UTF8*$!
{
	archiveVersion = 1;
	classes = {
	};
	objectVersion = 55;
	objects = {

/* Begin PBXBuildFile section */
		BF3205C4281BA78600DA47FF /* AppDelegate.swift in Sources */ = {isa = PBXBuildFile; fileRef = BF3205C3281BA78600DA47FF /* AppDelegate.swift */; };
		BF3205C6281BA78600DA47FF /* SceneDelegate.swift in Sources */ = {isa = PBXBuildFile; fileRef = BF3205C5281BA78600DA47FF /* SceneDelegate.swift */; };
		BF3205CB281BA78600DA47FF /* Main.storyboard in Resources */ = {isa = PBXBuildFile; fileRef = BF3205C9281BA78600DA47FF /* Main.storyboard */; };
		BF3205CE281BA78600DA47FF /* AQI_VIPER.xcdatamodeld in Sources */ = {isa = PBXBuildFile; fileRef = BF3205CC281BA78600DA47FF /* AQI_VIPER.xcdatamodeld */; };
		BF3205D0281BA78800DA47FF /* Assets.xcassets in Resources */ = {isa = PBXBuildFile; fileRef = BF3205CF281BA78800DA47FF /* Assets.xcassets */; };
		BF3205D3281BA78800DA47FF /* LaunchScreen.storyboard in Resources */ = {isa = PBXBuildFile; fileRef = BF3205D1281BA78800DA47FF /* LaunchScreen.storyboard */; };
		BF3205DE281BA78800DA47FF /* AQI_VIPERTests.swift in Sources */ = {isa = PBXBuildFile; fileRef = BF3205DD281BA78800DA47FF /* AQI_VIPERTests.swift */; };
		BF3205E8281BA78800DA47FF /* AQI_VIPERUITests.swift in Sources */ = {isa = PBXBuildFile; fileRef = BF3205E7281BA78800DA47FF /* AQI_VIPERUITests.swift */; };
		BF3205EA281BA78800DA47FF /* AQI_VIPERUITestsLaunchTests.swift in Sources */ = {isa = PBXBuildFile; fileRef = BF3205E9281BA78800DA47FF /* AQI_VIPERUITestsLaunchTests.swift */; };
		BF32060E281BAE8C00DA47FF /* AQICityRecord+CoreDataClass.swift in Sources */ = {isa = PBXBuildFile; fileRef = BF32060A281BAE8C00DA47FF /* AQICityRecord+CoreDataClass.swift */; };
		BF32060F281BAE8C00DA47FF /* AQICityRecord+CoreDataClass.swift in Sources */ = {isa = PBXBuildFile; fileRef = BF32060A281BAE8C00DA47FF /* AQICityRecord+CoreDataClass.swift */; };
		BF320610281BAE8C00DA47FF /* AQICityRecord+CoreDataProperties.swift in Sources */ = {isa = PBXBuildFile; fileRef = BF32060B281BAE8C00DA47FF /* AQICityRecord+CoreDataProperties.swift */; };
		BF320611281BAE8C00DA47FF /* AQICityRecord+CoreDataProperties.swift in Sources */ = {isa = PBXBuildFile; fileRef = BF32060B281BAE8C00DA47FF /* AQICityRecord+CoreDataProperties.swift */; };
		BF320612281BAE8C00DA47FF /* CityModel+CoreDataClass.swift in Sources */ = {isa = PBXBuildFile; fileRef = BF32060C281BAE8C00DA47FF /* CityModel+CoreDataClass.swift */; };
		BF320613281BAE8C00DA47FF /* CityModel+CoreDataClass.swift in Sources */ = {isa = PBXBuildFile; fileRef = BF32060C281BAE8C00DA47FF /* CityModel+CoreDataClass.swift */; };
		BF320614281BAE8C00DA47FF /* CityModel+CoreDataProperties.swift in Sources */ = {isa = PBXBuildFile; fileRef = BF32060D281BAE8C00DA47FF /* CityModel+CoreDataProperties.swift */; };
		BF320615281BAE8C00DA47FF /* CityModel+CoreDataProperties.swift in Sources */ = {isa = PBXBuildFile; fileRef = BF32060D281BAE8C00DA47FF /* CityModel+CoreDataProperties.swift */; };
		BF320619281BAF6400DA47FF /* AQIModel.swift in Sources */ = {isa = PBXBuildFile; fileRef = BF320618281BAF6400DA47FF /* AQIModel.swift */; };
		BF32061A281BAF6400DA47FF /* AQIModel.swift in Sources */ = {isa = PBXBuildFile; fileRef = BF320618281BAF6400DA47FF /* AQIModel.swift */; };
		BF32061D281BB16600DA47FF /* WebSocket.swift in Sources */ = {isa = PBXBuildFile; fileRef = BF32061C281BB16600DA47FF /* WebSocket.swift */; };
		BF32061E281BB16600DA47FF /* WebSocket.swift in Sources */ = {isa = PBXBuildFile; fileRef = BF32061C281BB16600DA47FF /* WebSocket.swift */; };
		BF32062D281BB4EF00DA47FF /* CityAQICell.swift in Sources */ = {isa = PBXBuildFile; fileRef = BF320625281BB4EF00DA47FF /* CityAQICell.swift */; };
		BF32062E281BB4EF00DA47FF /* CityAQICell.swift in Sources */ = {isa = PBXBuildFile; fileRef = BF320625281BB4EF00DA47FF /* CityAQICell.swift */; };
		BF32062F281BB4EF00DA47FF /* CityAQICell.xib in Resources */ = {isa = PBXBuildFile; fileRef = BF320626281BB4EF00DA47FF /* CityAQICell.xib */; };
		BF320630281BB4EF00DA47FF /* CityAQICell.xib in Resources */ = {isa = PBXBuildFile; fileRef = BF320626281BB4EF00DA47FF /* CityAQICell.xib */; };
		BF320631281BB4EF00DA47FF /* CitiesAQIController.swift in Sources */ = {isa = PBXBuildFile; fileRef = BF320627281BB4EF00DA47FF /* CitiesAQIController.swift */; };
		BF320632281BB4EF00DA47FF /* CitiesAQIController.swift in Sources */ = {isa = PBXBuildFile; fileRef = BF320627281BB4EF00DA47FF /* CitiesAQIController.swift */; };
		BF320633281BB4EF00DA47FF /* AQIView.xib in Resources */ = {isa = PBXBuildFile; fileRef = BF320629281BB4EF00DA47FF /* AQIView.xib */; };
		BF320634281BB4EF00DA47FF /* AQIView.xib in Resources */ = {isa = PBXBuildFile; fileRef = BF320629281BB4EF00DA47FF /* AQIView.xib */; };
		BF320635281BB4EF00DA47FF /* AQIView.swift in Sources */ = {isa = PBXBuildFile; fileRef = BF32062A281BB4EF00DA47FF /* AQIView.swift */; };
		BF320636281BB4EF00DA47FF /* AQIView.swift in Sources */ = {isa = PBXBuildFile; fileRef = BF32062A281BB4EF00DA47FF /* AQIView.swift */; };
		BF32063E281BCBF300DA47FF /* DetailCityAQIController.swift in Sources */ = {isa = PBXBuildFile; fileRef = BF32063A281BCBF300DA47FF /* DetailCityAQIController.swift */; };
		BF32063F281BCBF300DA47FF /* DetailCityAQIController.swift in Sources */ = {isa = PBXBuildFile; fileRef = BF32063A281BCBF300DA47FF /* DetailCityAQIController.swift */; };
		BF320640281BCBF300DA47FF /* DetailCityAQIController.xib in Resources */ = {isa = PBXBuildFile; fileRef = BF32063B281BCBF300DA47FF /* DetailCityAQIController.xib */; };
		BF320641281BCBF300DA47FF /* DetailCityAQIController.xib in Resources */ = {isa = PBXBuildFile; fileRef = BF32063B281BCBF300DA47FF /* DetailCityAQIController.xib */; };
		BF32064E281BCCDC00DA47FF /* BasicBarChartPresenter.swift in Sources */ = {isa = PBXBuildFile; fileRef = BF320645281BCCDC00DA47FF /* BasicBarChartPresenter.swift */; };
		BF32064F281BCCDC00DA47FF /* BasicBarChartPresenter.swift in Sources */ = {isa = PBXBuildFile; fileRef = BF320645281BCCDC00DA47FF /* BasicBarChartPresenter.swift */; };
		BF320650281BCCDC00DA47FF /* BasicBarChart.swift in Sources */ = {isa = PBXBuildFile; fileRef = BF320646281BCCDC00DA47FF /* BasicBarChart.swift */; };
		BF320651281BCCDC00DA47FF /* BasicBarChart.swift in Sources */ = {isa = PBXBuildFile; fileRef = BF320646281BCCDC00DA47FF /* BasicBarChart.swift */; };
		BF320652281BCCDC00DA47FF /* BasicBarEntry.swift in Sources */ = {isa = PBXBuildFile; fileRef = BF320647281BCCDC00DA47FF /* BasicBarEntry.swift */; };
		BF320653281BCCDC00DA47FF /* BasicBarEntry.swift in Sources */ = {isa = PBXBuildFile; fileRef = BF320647281BCCDC00DA47FF /* BasicBarEntry.swift */; };
		BF320654281BCCDC00DA47FF /* CustomSegments.swift in Sources */ = {isa = PBXBuildFile; fileRef = BF320649281BCCDC00DA47FF /* CustomSegments.swift */; };
		BF320655281BCCDC00DA47FF /* CustomSegments.swift in Sources */ = {isa = PBXBuildFile; fileRef = BF320649281BCCDC00DA47FF /* CustomSegments.swift */; };
		BF320656281BCCDC00DA47FF /* CALayerExtension.swift in Sources */ = {isa = PBXBuildFile; fileRef = BF32064A281BCCDC00DA47FF /* CALayerExtension.swift */; };
		BF320657281BCCDC00DA47FF /* CALayerExtension.swift in Sources */ = {isa = PBXBuildFile; fileRef = BF32064A281BCCDC00DA47FF /* CALayerExtension.swift */; };
		BF320658281BCCDC00DA47FF /* UIBezierPathExtension.swift in Sources */ = {isa = PBXBuildFile; fileRef = BF32064B281BCCDC00DA47FF /* UIBezierPathExtension.swift */; };
		BF320659281BCCDC00DA47FF /* UIBezierPathExtension.swift in Sources */ = {isa = PBXBuildFile; fileRef = BF32064B281BCCDC00DA47FF /* UIBezierPathExtension.swift */; };
		BF32065A281BCCDC00DA47FF /* ArrayExtension.swift in Sources */ = {isa = PBXBuildFile; fileRef = BF32064C281BCCDC00DA47FF /* ArrayExtension.swift */; };
		BF32065B281BCCDC00DA47FF /* ArrayExtension.swift in Sources */ = {isa = PBXBuildFile; fileRef = BF32064C281BCCDC00DA47FF /* ArrayExtension.swift */; };
		BF32065C281BCCDC00DA47FF /* DataEntry.swift in Sources */ = {isa = PBXBuildFile; fileRef = BF32064D281BCCDC00DA47FF /* DataEntry.swift */; };
		BF32065D281BCCDC00DA47FF /* DataEntry.swift in Sources */ = {isa = PBXBuildFile; fileRef = BF32064D281BCCDC00DA47FF /* DataEntry.swift */; };
		BF320660281BD7CA00DA47FF /* CitiesListPresenter.swift in Sources */ = {isa = PBXBuildFile; fileRef = BF32065F281BD7CA00DA47FF /* CitiesListPresenter.swift */; };
		BF320661281BD7CA00DA47FF /* CitiesListPresenter.swift in Sources */ = {isa = PBXBuildFile; fileRef = BF32065F281BD7CA00DA47FF /* CitiesListPresenter.swift */; };
		BF320663281BD7EA00DA47FF /* CitiesListInteractor.swift in Sources */ = {isa = PBXBuildFile; fileRef = BF320662281BD7EA00DA47FF /* CitiesListInteractor.swift */; };
		BF320664281BD7EA00DA47FF /* CitiesListInteractor.swift in Sources */ = {isa = PBXBuildFile; fileRef = BF320662281BD7EA00DA47FF /* CitiesListInteractor.swift */; };
		BF320666281BD80C00DA47FF /* CitiesListRouter.swift in Sources */ = {isa = PBXBuildFile; fileRef = BF320665281BD80C00DA47FF /* CitiesListRouter.swift */; };
		BF320667281BD80C00DA47FF /* CitiesListRouter.swift in Sources */ = {isa = PBXBuildFile; fileRef = BF320665281BD80C00DA47FF /* CitiesListRouter.swift */; };
		BF320669281BFD9D00DA47FF /* CoreDataStack.swift in Sources */ = {isa = PBXBuildFile; fileRef = BF320668281BFD9D00DA47FF /* CoreDataStack.swift */; };
		BF32066A281BFD9D00DA47FF /* CoreDataStack.swift in Sources */ = {isa = PBXBuildFile; fileRef = BF320668281BFD9D00DA47FF /* CoreDataStack.swift */; };
		BF497C79281C1FFF00B0122E /* UIColor+Extension.swift in Sources */ = {isa = PBXBuildFile; fileRef = BF497C77281C1FFF00B0122E /* UIColor+Extension.swift */; };
		BF497C7A281C1FFF00B0122E /* UIColor+Extension.swift in Sources */ = {isa = PBXBuildFile; fileRef = BF497C77281C1FFF00B0122E /* UIColor+Extension.swift */; };
		BF497C7B281C1FFF00B0122E /* String+Extension.swift in Sources */ = {isa = PBXBuildFile; fileRef = BF497C78281C1FFF00B0122E /* String+Extension.swift */; };
		BF497C7C281C1FFF00B0122E /* String+Extension.swift in Sources */ = {isa = PBXBuildFile; fileRef = BF497C78281C1FFF00B0122E /* String+Extension.swift */; };
/* End PBXBuildFile section */

/* Begin PBXContainerItemProxy section */
		BF3205DA281BA78800DA47FF /* PBXContainerItemProxy */ = {
			isa = PBXContainerItemProxy;
			containerPortal = BF3205B8281BA78600DA47FF /* Project object */;
			proxyType = 1;
			remoteGlobalIDString = BF3205BF281BA78600DA47FF;
			remoteInfo = AQI_VIPER;
		};
		BF3205E4281BA78800DA47FF /* PBXContainerItemProxy */ = {
			isa = PBXContainerItemProxy;
			containerPortal = BF3205B8281BA78600DA47FF /* Project object */;
			proxyType = 1;
			remoteGlobalIDString = BF3205BF281BA78600DA47FF;
			remoteInfo = AQI_VIPER;
		};
/* End PBXContainerItemProxy section */

/* Begin PBXFileReference section */
		BF3205C0281BA78600DA47FF /* AQI_VIPER.app */ = {isa = PBXFileReference; explicitFileType = wrapper.application; includeInIndex = 0; path = AQI_VIPER.app; sourceTree = BUILT_PRODUCTS_DIR; };
		BF3205C3281BA78600DA47FF /* AppDelegate.swift */ = {isa = PBXFileReference; lastKnownFileType = sourcecode.swift; path = AppDelegate.swift; sourceTree = "<group>"; };
		BF3205C5281BA78600DA47FF /* SceneDelegate.swift */ = {isa = PBXFileReference; lastKnownFileType = sourcecode.swift; path = SceneDelegate.swift; sourceTree = "<group>"; };
		BF3205CA281BA78600DA47FF /* Base */ = {isa = PBXFileReference; lastKnownFileType = file.storyboard; name = Base; path = Base.lproj/Main.storyboard; sourceTree = "<group>"; };
		BF3205CD281BA78600DA47FF /* AQI_VIPER.xcdatamodel */ = {isa = PBXFileReference; lastKnownFileType = wrapper.xcdatamodel; path = AQI_VIPER.xcdatamodel; sourceTree = "<group>"; };
		BF3205CF281BA78800DA47FF /* Assets.xcassets */ = {isa = PBXFileReference; lastKnownFileType = folder.assetcatalog; path = Assets.xcassets; sourceTree = "<group>"; };
		BF3205D2281BA78800DA47FF /* Base */ = {isa = PBXFileReference; lastKnownFileType = file.storyboard; name = Base; path = Base.lproj/LaunchScreen.storyboard; sourceTree = "<group>"; };
		BF3205D4281BA78800DA47FF /* Info.plist */ = {isa = PBXFileReference; lastKnownFileType = text.plist.xml; path = Info.plist; sourceTree = "<group>"; };
		BF3205D9281BA78800DA47FF /* AQI_VIPERTests.xctest */ = {isa = PBXFileReference; explicitFileType = wrapper.cfbundle; includeInIndex = 0; path = AQI_VIPERTests.xctest; sourceTree = BUILT_PRODUCTS_DIR; };
		BF3205DD281BA78800DA47FF /* AQI_VIPERTests.swift */ = {isa = PBXFileReference; lastKnownFileType = sourcecode.swift; path = AQI_VIPERTests.swift; sourceTree = "<group>"; };
		BF3205E3281BA78800DA47FF /* AQI_VIPERUITests.xctest */ = {isa = PBXFileReference; explicitFileType = wrapper.cfbundle; includeInIndex = 0; path = AQI_VIPERUITests.xctest; sourceTree = BUILT_PRODUCTS_DIR; };
		BF3205E7281BA78800DA47FF /* AQI_VIPERUITests.swift */ = {isa = PBXFileReference; lastKnownFileType = sourcecode.swift; path = AQI_VIPERUITests.swift; sourceTree = "<group>"; };
		BF3205E9281BA78800DA47FF /* AQI_VIPERUITestsLaunchTests.swift */ = {isa = PBXFileReference; lastKnownFileType = sourcecode.swift; path = AQI_VIPERUITestsLaunchTests.swift; sourceTree = "<group>"; };
		BF32060A281BAE8C00DA47FF /* AQICityRecord+CoreDataClass.swift */ = {isa = PBXFileReference; lastKnownFileType = sourcecode.swift; path = "AQICityRecord+CoreDataClass.swift"; sourceTree = "<group>"; };
		BF32060B281BAE8C00DA47FF /* AQICityRecord+CoreDataProperties.swift */ = {isa = PBXFileReference; lastKnownFileType = sourcecode.swift; path = "AQICityRecord+CoreDataProperties.swift"; sourceTree = "<group>"; };
		BF32060C281BAE8C00DA47FF /* CityModel+CoreDataClass.swift */ = {isa = PBXFileReference; lastKnownFileType = sourcecode.swift; path = "CityModel+CoreDataClass.swift"; sourceTree = "<group>"; };
		BF32060D281BAE8C00DA47FF /* CityModel+CoreDataProperties.swift */ = {isa = PBXFileReference; lastKnownFileType = sourcecode.swift; path = "CityModel+CoreDataProperties.swift"; sourceTree = "<group>"; };
		BF320618281BAF6400DA47FF /* AQIModel.swift */ = {isa = PBXFileReference; lastKnownFileType = sourcecode.swift; path = AQIModel.swift; sourceTree = "<group>"; };
		BF32061C281BB16600DA47FF /* WebSocket.swift */ = {isa = PBXFileReference; lastKnownFileType = sourcecode.swift; path = WebSocket.swift; sourceTree = "<group>"; };
		BF320625281BB4EF00DA47FF /* CityAQICell.swift */ = {isa = PBXFileReference; fileEncoding = 4; lastKnownFileType = sourcecode.swift; path = CityAQICell.swift; sourceTree = "<group>"; };
		BF320626281BB4EF00DA47FF /* CityAQICell.xib */ = {isa = PBXFileReference; fileEncoding = 4; lastKnownFileType = file.xib; path = CityAQICell.xib; sourceTree = "<group>"; };
		BF320627281BB4EF00DA47FF /* CitiesAQIController.swift */ = {isa = PBXFileReference; fileEncoding = 4; lastKnownFileType = sourcecode.swift; path = CitiesAQIController.swift; sourceTree = "<group>"; };
		BF320629281BB4EF00DA47FF /* AQIView.xib */ = {isa = PBXFileReference; fileEncoding = 4; lastKnownFileType = file.xib; path = AQIView.xib; sourceTree = "<group>"; };
		BF32062A281BB4EF00DA47FF /* AQIView.swift */ = {isa = PBXFileReference; fileEncoding = 4; lastKnownFileType = sourcecode.swift; path = AQIView.swift; sourceTree = "<group>"; };
		BF32063A281BCBF300DA47FF /* DetailCityAQIController.swift */ = {isa = PBXFileReference; fileEncoding = 4; lastKnownFileType = sourcecode.swift; path = DetailCityAQIController.swift; sourceTree = "<group>"; };
		BF32063B281BCBF300DA47FF /* DetailCityAQIController.xib */ = {isa = PBXFileReference; fileEncoding = 4; lastKnownFileType = file.xib; path = DetailCityAQIController.xib; sourceTree = "<group>"; };
		BF320645281BCCDC00DA47FF /* BasicBarChartPresenter.swift */ = {isa = PBXFileReference; fileEncoding = 4; lastKnownFileType = sourcecode.swift; path = BasicBarChartPresenter.swift; sourceTree = "<group>"; };
		BF320646281BCCDC00DA47FF /* BasicBarChart.swift */ = {isa = PBXFileReference; fileEncoding = 4; lastKnownFileType = sourcecode.swift; path = BasicBarChart.swift; sourceTree = "<group>"; };
		BF320647281BCCDC00DA47FF /* BasicBarEntry.swift */ = {isa = PBXFileReference; fileEncoding = 4; lastKnownFileType = sourcecode.swift; path = BasicBarEntry.swift; sourceTree = "<group>"; };
		BF320649281BCCDC00DA47FF /* CustomSegments.swift */ = {isa = PBXFileReference; fileEncoding = 4; lastKnownFileType = sourcecode.swift; path = CustomSegments.swift; sourceTree = "<group>"; };
		BF32064A281BCCDC00DA47FF /* CALayerExtension.swift */ = {isa = PBXFileReference; fileEncoding = 4; lastKnownFileType = sourcecode.swift; path = CALayerExtension.swift; sourceTree = "<group>"; };
		BF32064B281BCCDC00DA47FF /* UIBezierPathExtension.swift */ = {isa = PBXFileReference; fileEncoding = 4; lastKnownFileType = sourcecode.swift; path = UIBezierPathExtension.swift; sourceTree = "<group>"; };
		BF32064C281BCCDC00DA47FF /* ArrayExtension.swift */ = {isa = PBXFileReference; fileEncoding = 4; lastKnownFileType = sourcecode.swift; path = ArrayExtension.swift; sourceTree = "<group>"; };
		BF32064D281BCCDC00DA47FF /* DataEntry.swift */ = {isa = PBXFileReference; fileEncoding = 4; lastKnownFileType = sourcecode.swift; path = DataEntry.swift; sourceTree = "<group>"; };
		BF32065F281BD7CA00DA47FF /* CitiesListPresenter.swift */ = {isa = PBXFileReference; lastKnownFileType = sourcecode.swift; path = CitiesListPresenter.swift; sourceTree = "<group>"; };
		BF320662281BD7EA00DA47FF /* CitiesListInteractor.swift */ = {isa = PBXFileReference; lastKnownFileType = sourcecode.swift; path = CitiesListInteractor.swift; sourceTree = "<group>"; };
		BF320665281BD80C00DA47FF /* CitiesListRouter.swift */ = {isa = PBXFileReference; lastKnownFileType = sourcecode.swift; path = CitiesListRouter.swift; sourceTree = "<group>"; };
		BF320668281BFD9D00DA47FF /* CoreDataStack.swift */ = {isa = PBXFileReference; lastKnownFileType = sourcecode.swift; path = CoreDataStack.swift; sourceTree = "<group>"; };
		BF497C77281C1FFF00B0122E /* UIColor+Extension.swift */ = {isa = PBXFileReference; fileEncoding = 4; lastKnownFileType = sourcecode.swift; path = "UIColor+Extension.swift"; sourceTree = "<group>"; };
		BF497C78281C1FFF00B0122E /* String+Extension.swift */ = {isa = PBXFileReference; fileEncoding = 4; lastKnownFileType = sourcecode.swift; path = "String+Extension.swift"; sourceTree = "<group>"; };
/* End PBXFileReference section */

/* Begin PBXFrameworksBuildPhase section */
		BF3205BD281BA78600DA47FF /* Frameworks */ = {
			isa = PBXFrameworksBuildPhase;
			buildActionMask = 2147483647;
			files = (
			);
			runOnlyForDeploymentPostprocessing = 0;
		};
		BF3205D6281BA78800DA47FF /* Frameworks */ = {
			isa = PBXFrameworksBuildPhase;
			buildActionMask = 2147483647;
			files = (
			);
			runOnlyForDeploymentPostprocessing = 0;
		};
		BF3205E0281BA78800DA47FF /* Frameworks */ = {
			isa = PBXFrameworksBuildPhase;
			buildActionMask = 2147483647;
			files = (
			);
			runOnlyForDeploymentPostprocessing = 0;
		};
/* End PBXFrameworksBuildPhase section */

/* Begin PBXGroup section */
		BF3205B7281BA78600DA47FF = {
			isa = PBXGroup;
			children = (
				BF3205C2281BA78600DA47FF /* AQI_VIPER */,
				BF3205DC281BA78800DA47FF /* AQI_VIPERTests */,
				BF3205E6281BA78800DA47FF /* AQI_VIPERUITests */,
				BF3205C1281BA78600DA47FF /* Products */,
			);
			sourceTree = "<group>";
		};
		BF3205C1281BA78600DA47FF /* Products */ = {
			isa = PBXGroup;
			children = (
				BF3205C0281BA78600DA47FF /* AQI_VIPER.app */,
				BF3205D9281BA78800DA47FF /* AQI_VIPERTests.xctest */,
				BF3205E3281BA78800DA47FF /* AQI_VIPERUITests.xctest */,
			);
			name = Products;
			sourceTree = "<group>";
		};
		BF3205C2281BA78600DA47FF /* AQI_VIPER */ = {
			isa = PBXGroup;
			children = (
				BF497C76281C1FFF00B0122E /* Extensions */,
				BF320642281BCCDC00DA47FF /* ThirdParty */,
				BF32061F281BB16C00DA47FF /* Socket */,
				BF32061B281BB00600DA47FF /* Model */,
				BF320617281BAEE900DA47FF /* Entity */,
				BF3205C3281BA78600DA47FF /* AppDelegate.swift */,
				BF3205C5281BA78600DA47FF /* SceneDelegate.swift */,
				BF320620281BB3D600DA47FF /* View */,
				BF3205C9281BA78600DA47FF /* Main.storyboard */,
				BF3205CF281BA78800DA47FF /* Assets.xcassets */,
				BF3205D1281BA78800DA47FF /* LaunchScreen.storyboard */,
				BF3205D4281BA78800DA47FF /* Info.plist */,
				BF3205CC281BA78600DA47FF /* AQI_VIPER.xcdatamodeld */,
			);
			path = AQI_VIPER;
			sourceTree = "<group>";
		};
		BF3205DC281BA78800DA47FF /* AQI_VIPERTests */ = {
			isa = PBXGroup;
			children = (
				BF3205DD281BA78800DA47FF /* AQI_VIPERTests.swift */,
			);
			path = AQI_VIPERTests;
			sourceTree = "<group>";
		};
		BF3205E6281BA78800DA47FF /* AQI_VIPERUITests */ = {
			isa = PBXGroup;
			children = (
				BF3205E7281BA78800DA47FF /* AQI_VIPERUITests.swift */,
				BF3205E9281BA78800DA47FF /* AQI_VIPERUITestsLaunchTests.swift */,
			);
			path = AQI_VIPERUITests;
			sourceTree = "<group>";
		};
		BF320617281BAEE900DA47FF /* Entity */ = {
			isa = PBXGroup;
			children = (
				BF320618281BAF6400DA47FF /* AQIModel.swift */,
			);
			path = Entity;
			sourceTree = "<group>";
		};
		BF32061B281BB00600DA47FF /* Model */ = {
			isa = PBXGroup;
			children = (
				BF32060A281BAE8C00DA47FF /* AQICityRecord+CoreDataClass.swift */,
				BF32060B281BAE8C00DA47FF /* AQICityRecord+CoreDataProperties.swift */,
				BF32060C281BAE8C00DA47FF /* CityModel+CoreDataClass.swift */,
				BF32060D281BAE8C00DA47FF /* CityModel+CoreDataProperties.swift */,
				BF320668281BFD9D00DA47FF /* CoreDataStack.swift */,
			);
			path = Model;
			sourceTree = "<group>";
		};
		BF32061F281BB16C00DA47FF /* Socket */ = {
			isa = PBXGroup;
			children = (
				BF32061C281BB16600DA47FF /* WebSocket.swift */,
			);
			path = Socket;
			sourceTree = "<group>";
		};
		BF320620281BB3D600DA47FF /* View */ = {
			isa = PBXGroup;
			children = (
				BF320637281BCBF300DA47FF /* CityDetails */,
				BF320628281BB4EF00DA47FF /* AQIView */,
				BF320621281BB4EF00DA47FF /* CitiesList */,
			);
			path = View;
			sourceTree = "<group>";
		};
		BF320621281BB4EF00DA47FF /* CitiesList */ = {
			isa = PBXGroup;
			children = (
				BF32065E281BD78500DA47FF /* View */,
				BF32065F281BD7CA00DA47FF /* CitiesListPresenter.swift */,
				BF320662281BD7EA00DA47FF /* CitiesListInteractor.swift */,
				BF320665281BD80C00DA47FF /* CitiesListRouter.swift */,
			);
			path = CitiesList;
			sourceTree = "<group>";
		};
		BF320624281BB4EF00DA47FF /* CityAQICell */ = {
			isa = PBXGroup;
			children = (
				BF320625281BB4EF00DA47FF /* CityAQICell.swift */,
				BF320626281BB4EF00DA47FF /* CityAQICell.xib */,
			);
			path = CityAQICell;
			sourceTree = "<group>";
		};
		BF320628281BB4EF00DA47FF /* AQIView */ = {
			isa = PBXGroup;
			children = (
				BF320629281BB4EF00DA47FF /* AQIView.xib */,
				BF32062A281BB4EF00DA47FF /* AQIView.swift */,
			);
			path = AQIView;
			sourceTree = "<group>";
		};
		BF320637281BCBF300DA47FF /* CityDetails */ = {
			isa = PBXGroup;
			children = (
				BF32063A281BCBF300DA47FF /* DetailCityAQIController.swift */,
				BF32063B281BCBF300DA47FF /* DetailCityAQIController.xib */,
			);
			path = CityDetails;
			sourceTree = "<group>";
		};
		BF320642281BCCDC00DA47FF /* ThirdParty */ = {
			isa = PBXGroup;
			children = (
				BF320643281BCCDC00DA47FF /* BarChart */,
			);
			path = ThirdParty;
			sourceTree = "<group>";
		};
		BF320643281BCCDC00DA47FF /* BarChart */ = {
			isa = PBXGroup;
			children = (
				BF320644281BCCDC00DA47FF /* BasicBarChart */,
				BF320648281BCCDC00DA47FF /* Shared */,
			);
			path = BarChart;
			sourceTree = "<group>";
		};
		BF320644281BCCDC00DA47FF /* BasicBarChart */ = {
			isa = PBXGroup;
			children = (
				BF320645281BCCDC00DA47FF /* BasicBarChartPresenter.swift */,
				BF320646281BCCDC00DA47FF /* BasicBarChart.swift */,
				BF320647281BCCDC00DA47FF /* BasicBarEntry.swift */,
			);
			path = BasicBarChart;
			sourceTree = "<group>";
		};
		BF320648281BCCDC00DA47FF /* Shared */ = {
			isa = PBXGroup;
			children = (
				BF320649281BCCDC00DA47FF /* CustomSegments.swift */,
				BF32064A281BCCDC00DA47FF /* CALayerExtension.swift */,
				BF32064B281BCCDC00DA47FF /* UIBezierPathExtension.swift */,
				BF32064C281BCCDC00DA47FF /* ArrayExtension.swift */,
				BF32064D281BCCDC00DA47FF /* DataEntry.swift */,
			);
			path = Shared;
			sourceTree = "<group>";
		};
		BF32065E281BD78500DA47FF /* View */ = {
			isa = PBXGroup;
			children = (
				BF320624281BB4EF00DA47FF /* CityAQICell */,
				BF320627281BB4EF00DA47FF /* CitiesAQIController.swift */,
			);
			path = View;
			sourceTree = "<group>";
		};
		BF497C76281C1FFF00B0122E /* Extensions */ = {
			isa = PBXGroup;
			children = (
				BF497C77281C1FFF00B0122E /* UIColor+Extension.swift */,
				BF497C78281C1FFF00B0122E /* String+Extension.swift */,
			);
			path = Extensions;
			sourceTree = "<group>";
		};
/* End PBXGroup section */

/* Begin PBXNativeTarget section */
		BF3205BF281BA78600DA47FF /* AQI_VIPER */ = {
			isa = PBXNativeTarget;
			buildConfigurationList = BF3205ED281BA78800DA47FF /* Build configuration list for PBXNativeTarget "AQI_VIPER" */;
			buildPhases = (
				BF3205BC281BA78600DA47FF /* Sources */,
				BF3205BD281BA78600DA47FF /* Frameworks */,
				BF3205BE281BA78600DA47FF /* Resources */,
			);
			buildRules = (
			);
			dependencies = (
			);
			name = AQI_VIPER;
			productName = AQI_VIPER;
			productReference = BF3205C0281BA78600DA47FF /* AQI_VIPER.app */;
			productType = "com.apple.product-type.application";
		};
		BF3205D8281BA78800DA47FF /* AQI_VIPERTests */ = {
			isa = PBXNativeTarget;
			buildConfigurationList = BF3205F0281BA78800DA47FF /* Build configuration list for PBXNativeTarget "AQI_VIPERTests" */;
			buildPhases = (
				BF3205D5281BA78800DA47FF /* Sources */,
				BF3205D6281BA78800DA47FF /* Frameworks */,
				BF3205D7281BA78800DA47FF /* Resources */,
			);
			buildRules = (
			);
			dependencies = (
				BF3205DB281BA78800DA47FF /* PBXTargetDependency */,
			);
			name = AQI_VIPERTests;
			productName = AQI_VIPERTests;
			productReference = BF3205D9281BA78800DA47FF /* AQI_VIPERTests.xctest */;
			productType = "com.apple.product-type.bundle.unit-test";
		};
		BF3205E2281BA78800DA47FF /* AQI_VIPERUITests */ = {
			isa = PBXNativeTarget;
			buildConfigurationList = BF3205F3281BA78800DA47FF /* Build configuration list for PBXNativeTarget "AQI_VIPERUITests" */;
			buildPhases = (
				BF3205DF281BA78800DA47FF /* Sources */,
				BF3205E0281BA78800DA47FF /* Frameworks */,
				BF3205E1281BA78800DA47FF /* Resources */,
			);
			buildRules = (
			);
			dependencies = (
				BF3205E5281BA78800DA47FF /* PBXTargetDependency */,
			);
			name = AQI_VIPERUITests;
			productName = AQI_VIPERUITests;
			productReference = BF3205E3281BA78800DA47FF /* AQI_VIPERUITests.xctest */;
			productType = "com.apple.product-type.bundle.ui-testing";
		};
/* End PBXNativeTarget section */

/* Begin PBXProject section */
		BF3205B8281BA78600DA47FF /* Project object */ = {
			isa = PBXProject;
			attributes = {
				BuildIndependentTargetsInParallel = 1;
				LastSwiftUpdateCheck = 1330;
				LastUpgradeCheck = 1330;
				TargetAttributes = {
					BF3205BF281BA78600DA47FF = {
						CreatedOnToolsVersion = 13.3;
					};
					BF3205D8281BA78800DA47FF = {
						CreatedOnToolsVersion = 13.3;
						TestTargetID = BF3205BF281BA78600DA47FF;
					};
					BF3205E2281BA78800DA47FF = {
						CreatedOnToolsVersion = 13.3;
						TestTargetID = BF3205BF281BA78600DA47FF;
					};
				};
			};
			buildConfigurationList = BF3205BB281BA78600DA47FF /* Build configuration list for PBXProject "AQI_VIPER" */;
			compatibilityVersion = "Xcode 13.0";
			developmentRegion = en;
			hasScannedForEncodings = 0;
			knownRegions = (
				en,
				Base,
			);
			mainGroup = BF3205B7281BA78600DA47FF;
			productRefGroup = BF3205C1281BA78600DA47FF /* Products */;
			projectDirPath = "";
			projectRoot = "";
			targets = (
				BF3205BF281BA78600DA47FF /* AQI_VIPER */,
				BF3205D8281BA78800DA47FF /* AQI_VIPERTests */,
				BF3205E2281BA78800DA47FF /* AQI_VIPERUITests */,
			);
		};
/* End PBXProject section */

/* Begin PBXResourcesBuildPhase section */
		BF3205BE281BA78600DA47FF /* Resources */ = {
			isa = PBXResourcesBuildPhase;
			buildActionMask = 2147483647;
			files = (
				BF32062F281BB4EF00DA47FF /* CityAQICell.xib in Resources */,
				BF3205D3281BA78800DA47FF /* LaunchScreen.storyboard in Resources */,
				BF3205D0281BA78800DA47FF /* Assets.xcassets in Resources */,
				BF320633281BB4EF00DA47FF /* AQIView.xib in Resources */,
				BF3205CB281BA78600DA47FF /* Main.storyboard in Resources */,
				BF320640281BCBF300DA47FF /* DetailCityAQIController.xib in Resources */,
			);
			runOnlyForDeploymentPostprocessing = 0;
		};
		BF3205D7281BA78800DA47FF /* Resources */ = {
			isa = PBXResourcesBuildPhase;
			buildActionMask = 2147483647;
			files = (
				BF320634281BB4EF00DA47FF /* AQIView.xib in Resources */,
				BF320630281BB4EF00DA47FF /* CityAQICell.xib in Resources */,
				BF320641281BCBF300DA47FF /* DetailCityAQIController.xib in Resources */,
			);
			runOnlyForDeploymentPostprocessing = 0;
		};
		BF3205E1281BA78800DA47FF /* Resources */ = {
			isa = PBXResourcesBuildPhase;
			buildActionMask = 2147483647;
			files = (
			);
			runOnlyForDeploymentPostprocessing = 0;
		};
/* End PBXResourcesBuildPhase section */

/* Begin PBXSourcesBuildPhase section */
		BF3205BC281BA78600DA47FF /* Sources */ = {
			isa = PBXSourcesBuildPhase;
			buildActionMask = 2147483647;
			files = (
				BF320610281BAE8C00DA47FF /* AQICityRecord+CoreDataProperties.swift in Sources */,
				BF320635281BB4EF00DA47FF /* AQIView.swift in Sources */,
				BF320614281BAE8C00DA47FF /* CityModel+CoreDataProperties.swift in Sources */,
				BF320631281BB4EF00DA47FF /* CitiesAQIController.swift in Sources */,
				BF32062D281BB4EF00DA47FF /* CityAQICell.swift in Sources */,
				BF3205C4281BA78600DA47FF /* AppDelegate.swift in Sources */,
				BF320612281BAE8C00DA47FF /* CityModel+CoreDataClass.swift in Sources */,
				BF320666281BD80C00DA47FF /* CitiesListRouter.swift in Sources */,
				BF320652281BCCDC00DA47FF /* BasicBarEntry.swift in Sources */,
				BF320650281BCCDC00DA47FF /* BasicBarChart.swift in Sources */,
				BF32065C281BCCDC00DA47FF /* DataEntry.swift in Sources */,
				BF32063E281BCBF300DA47FF /* DetailCityAQIController.swift in Sources */,
				BF320663281BD7EA00DA47FF /* CitiesListInteractor.swift in Sources */,
				BF320658281BCCDC00DA47FF /* UIBezierPathExtension.swift in Sources */,
				BF32060E281BAE8C00DA47FF /* AQICityRecord+CoreDataClass.swift in Sources */,
				BF320660281BD7CA00DA47FF /* CitiesListPresenter.swift in Sources */,
				BF3205CE281BA78600DA47FF /* AQI_VIPER.xcdatamodeld in Sources */,
				BF320654281BCCDC00DA47FF /* CustomSegments.swift in Sources */,
				BF3205C6281BA78600DA47FF /* SceneDelegate.swift in Sources */,
				BF497C7B281C1FFF00B0122E /* String+Extension.swift in Sources */,
				BF32065A281BCCDC00DA47FF /* ArrayExtension.swift in Sources */,
				BF320669281BFD9D00DA47FF /* CoreDataStack.swift in Sources */,
				BF320619281BAF6400DA47FF /* AQIModel.swift in Sources */,
				BF320656281BCCDC00DA47FF /* CALayerExtension.swift in Sources */,
				BF497C79281C1FFF00B0122E /* UIColor+Extension.swift in Sources */,
				BF32064E281BCCDC00DA47FF /* BasicBarChartPresenter.swift in Sources */,
				BF32061D281BB16600DA47FF /* WebSocket.swift in Sources */,
			);
			runOnlyForDeploymentPostprocessing = 0;
		};
		BF3205D5281BA78800DA47FF /* Sources */ = {
			isa = PBXSourcesBuildPhase;
			buildActionMask = 2147483647;
			files = (
				BF320615281BAE8C00DA47FF /* CityModel+CoreDataProperties.swift in Sources */,
				BF32066A281BFD9D00DA47FF /* CoreDataStack.swift in Sources */,
				BF320661281BD7CA00DA47FF /* CitiesListPresenter.swift in Sources */,
				BF32062E281BB4EF00DA47FF /* CityAQICell.swift in Sources */,
				BF32065D281BCCDC00DA47FF /* DataEntry.swift in Sources */,
				BF3205DE281BA78800DA47FF /* AQI_VIPERTests.swift in Sources */,
				BF32065B281BCCDC00DA47FF /* ArrayExtension.swift in Sources */,
				BF320653281BCCDC00DA47FF /* BasicBarEntry.swift in Sources */,
				BF497C7C281C1FFF00B0122E /* String+Extension.swift in Sources */,
				BF320611281BAE8C00DA47FF /* AQICityRecord+CoreDataProperties.swift in Sources */,
				BF320636281BB4EF00DA47FF /* AQIView.swift in Sources */,
				BF320659281BCCDC00DA47FF /* UIBezierPathExtension.swift in Sources */,
				BF320632281BB4EF00DA47FF /* CitiesAQIController.swift in Sources */,
				BF320667281BD80C00DA47FF /* CitiesListRouter.swift in Sources */,
				BF320655281BCCDC00DA47FF /* CustomSegments.swift in Sources */,
				BF320664281BD7EA00DA47FF /* CitiesListInteractor.swift in Sources */,
				BF497C7A281C1FFF00B0122E /* UIColor+Extension.swift in Sources */,
				BF320651281BCCDC00DA47FF /* BasicBarChart.swift in Sources */,
				BF320613281BAE8C00DA47FF /* CityModel+CoreDataClass.swift in Sources */,
				BF32060F281BAE8C00DA47FF /* AQICityRecord+CoreDataClass.swift in Sources */,
				BF32064F281BCCDC00DA47FF /* BasicBarChartPresenter.swift in Sources */,
				BF32061A281BAF6400DA47FF /* AQIModel.swift in Sources */,
				BF32061E281BB16600DA47FF /* WebSocket.swift in Sources */,
				BF32063F281BCBF300DA47FF /* DetailCityAQIController.swift in Sources */,
				BF320657281BCCDC00DA47FF /* CALayerExtension.swift in Sources */,
			);
			runOnlyForDeploymentPostprocessing = 0;
		};
		BF3205DF281BA78800DA47FF /* Sources */ = {
			isa = PBXSourcesBuildPhase;
			buildActionMask = 2147483647;
			files = (
				BF3205E8281BA78800DA47FF /* AQI_VIPERUITests.swift in Sources */,
				BF3205EA281BA78800DA47FF /* AQI_VIPERUITestsLaunchTests.swift in Sources */,
			);
			runOnlyForDeploymentPostprocessing = 0;
		};
/* End PBXSourcesBuildPhase section */

/* Begin PBXTargetDependency section */
		BF3205DB281BA78800DA47FF /* PBXTargetDependency */ = {
			isa = PBXTargetDependency;
			target = BF3205BF281BA78600DA47FF /* AQI_VIPER */;
			targetProxy = BF3205DA281BA78800DA47FF /* PBXContainerItemProxy */;
		};
		BF3205E5281BA78800DA47FF /* PBXTargetDependency */ = {
			isa = PBXTargetDependency;
			target = BF3205BF281BA78600DA47FF /* AQI_VIPER */;
			targetProxy = BF3205E4281BA78800DA47FF /* PBXContainerItemProxy */;
		};
/* End PBXTargetDependency section */

/* Begin PBXVariantGroup section */
		BF3205C9281BA78600DA47FF /* Main.storyboard */ = {
			isa = PBXVariantGroup;
			children = (
				BF3205CA281BA78600DA47FF /* Base */,
			);
			name = Main.storyboard;
			sourceTree = "<group>";
		};
		BF3205D1281BA78800DA47FF /* LaunchScreen.storyboard */ = {
			isa = PBXVariantGroup;
			children = (
				BF3205D2281BA78800DA47FF /* Base */,
			);
			name = LaunchScreen.storyboard;
			sourceTree = "<group>";
		};
/* End PBXVariantGroup section */

/* Begin XCBuildConfiguration section */
		BF3205EB281BA78800DA47FF /* Debug */ = {
			isa = XCBuildConfiguration;
			buildSettings = {
				ALWAYS_SEARCH_USER_PATHS = NO;
				CLANG_ANALYZER_NONNULL = YES;
				CLANG_ANALYZER_NUMBER_OBJECT_CONVERSION = YES_AGGRESSIVE;
				CLANG_CXX_LANGUAGE_STANDARD = "gnu++17";
				CLANG_ENABLE_MODULES = YES;
				CLANG_ENABLE_OBJC_ARC = YES;
				CLANG_ENABLE_OBJC_WEAK = YES;
				CLANG_WARN_BLOCK_CAPTURE_AUTORELEASING = YES;
				CLANG_WARN_BOOL_CONVERSION = YES;
				CLANG_WARN_COMMA = YES;
				CLANG_WARN_CONSTANT_CONVERSION = YES;
				CLANG_WARN_DEPRECATED_OBJC_IMPLEMENTATIONS = YES;
				CLANG_WARN_DIRECT_OBJC_ISA_USAGE = YES_ERROR;
				CLANG_WARN_DOCUMENTATION_COMMENTS = YES;
				CLANG_WARN_EMPTY_BODY = YES;
				CLANG_WARN_ENUM_CONVERSION = YES;
				CLANG_WARN_INFINITE_RECURSION = YES;
				CLANG_WARN_INT_CONVERSION = YES;
				CLANG_WARN_NON_LITERAL_NULL_CONVERSION = YES;
				CLANG_WARN_OBJC_IMPLICIT_RETAIN_SELF = YES;
				CLANG_WARN_OBJC_LITERAL_CONVERSION = YES;
				CLANG_WARN_OBJC_ROOT_CLASS = YES_ERROR;
				CLANG_WARN_QUOTED_INCLUDE_IN_FRAMEWORK_HEADER = YES;
				CLANG_WARN_RANGE_LOOP_ANALYSIS = YES;
				CLANG_WARN_STRICT_PROTOTYPES = YES;
				CLANG_WARN_SUSPICIOUS_MOVE = YES;
				CLANG_WARN_UNGUARDED_AVAILABILITY = YES_AGGRESSIVE;
				CLANG_WARN_UNREACHABLE_CODE = YES;
				CLANG_WARN__DUPLICATE_METHOD_MATCH = YES;
				COPY_PHASE_STRIP = NO;
				DEBUG_INFORMATION_FORMAT = dwarf;
				ENABLE_STRICT_OBJC_MSGSEND = YES;
				ENABLE_TESTABILITY = YES;
				GCC_C_LANGUAGE_STANDARD = gnu11;
				GCC_DYNAMIC_NO_PIC = NO;
				GCC_NO_COMMON_BLOCKS = YES;
				GCC_OPTIMIZATION_LEVEL = 0;
				GCC_PREPROCESSOR_DEFINITIONS = (
					"DEBUG=1",
					"$(inherited)",
				);
				GCC_WARN_64_TO_32_BIT_CONVERSION = YES;
				GCC_WARN_ABOUT_RETURN_TYPE = YES_ERROR;
				GCC_WARN_UNDECLARED_SELECTOR = YES;
				GCC_WARN_UNINITIALIZED_AUTOS = YES_AGGRESSIVE;
				GCC_WARN_UNUSED_FUNCTION = YES;
				GCC_WARN_UNUSED_VARIABLE = YES;
				IPHONEOS_DEPLOYMENT_TARGET = 15.4;
				MTL_ENABLE_DEBUG_INFO = INCLUDE_SOURCE;
				MTL_FAST_MATH = YES;
				ONLY_ACTIVE_ARCH = YES;
				SDKROOT = iphoneos;
				SWIFT_ACTIVE_COMPILATION_CONDITIONS = DEBUG;
				SWIFT_OPTIMIZATION_LEVEL = "-Onone";
			};
			name = Debug;
		};
		BF3205EC281BA78800DA47FF /* Release */ = {
			isa = XCBuildConfiguration;
			buildSettings = {
				ALWAYS_SEARCH_USER_PATHS = NO;
				CLANG_ANALYZER_NONNULL = YES;
				CLANG_ANALYZER_NUMBER_OBJECT_CONVERSION = YES_AGGRESSIVE;
				CLANG_CXX_LANGUAGE_STANDARD = "gnu++17";
				CLANG_ENABLE_MODULES = YES;
				CLANG_ENABLE_OBJC_ARC = YES;
				CLANG_ENABLE_OBJC_WEAK = YES;
				CLANG_WARN_BLOCK_CAPTURE_AUTORELEASING = YES;
				CLANG_WARN_BOOL_CONVERSION = YES;
				CLANG_WARN_COMMA = YES;
				CLANG_WARN_CONSTANT_CONVERSION = YES;
				CLANG_WARN_DEPRECATED_OBJC_IMPLEMENTATIONS = YES;
				CLANG_WARN_DIRECT_OBJC_ISA_USAGE = YES_ERROR;
				CLANG_WARN_DOCUMENTATION_COMMENTS = YES;
				CLANG_WARN_EMPTY_BODY = YES;
				CLANG_WARN_ENUM_CONVERSION = YES;
				CLANG_WARN_INFINITE_RECURSION = YES;
				CLANG_WARN_INT_CONVERSION = YES;
				CLANG_WARN_NON_LITERAL_NULL_CONVERSION = YES;
				CLANG_WARN_OBJC_IMPLICIT_RETAIN_SELF = YES;
				CLANG_WARN_OBJC_LITERAL_CONVERSION = YES;
				CLANG_WARN_OBJC_ROOT_CLASS = YES_ERROR;
				CLANG_WARN_QUOTED_INCLUDE_IN_FRAMEWORK_HEADER = YES;
				CLANG_WARN_RANGE_LOOP_ANALYSIS = YES;
				CLANG_WARN_STRICT_PROTOTYPES = YES;
				CLANG_WARN_SUSPICIOUS_MOVE = YES;
				CLANG_WARN_UNGUARDED_AVAILABILITY = YES_AGGRESSIVE;
				CLANG_WARN_UNREACHABLE_CODE = YES;
				CLANG_WARN__DUPLICATE_METHOD_MATCH = YES;
				COPY_PHASE_STRIP = NO;
				DEBUG_INFORMATION_FORMAT = "dwarf-with-dsym";
				ENABLE_NS_ASSERTIONS = NO;
				ENABLE_STRICT_OBJC_MSGSEND = YES;
				GCC_C_LANGUAGE_STANDARD = gnu11;
				GCC_NO_COMMON_BLOCKS = YES;
				GCC_WARN_64_TO_32_BIT_CONVERSION = YES;
				GCC_WARN_ABOUT_RETURN_TYPE = YES_ERROR;
				GCC_WARN_UNDECLARED_SELECTOR = YES;
				GCC_WARN_UNINITIALIZED_AUTOS = YES_AGGRESSIVE;
				GCC_WARN_UNUSED_FUNCTION = YES;
				GCC_WARN_UNUSED_VARIABLE = YES;
				IPHONEOS_DEPLOYMENT_TARGET = 15.4;
				MTL_ENABLE_DEBUG_INFO = NO;
				MTL_FAST_MATH = YES;
				SDKROOT = iphoneos;
				SWIFT_COMPILATION_MODE = wholemodule;
				SWIFT_OPTIMIZATION_LEVEL = "-O";
				VALIDATE_PRODUCT = YES;
			};
			name = Release;
		};
		BF3205EE281BA78800DA47FF /* Debug */ = {
			isa = XCBuildConfiguration;
			buildSettings = {
				ASSETCATALOG_COMPILER_APPICON_NAME = AppIcon;
				ASSETCATALOG_COMPILER_GLOBAL_ACCENT_COLOR_NAME = AccentColor;
				CODE_SIGN_STYLE = Automatic;
				CURRENT_PROJECT_VERSION = 1;
				GENERATE_INFOPLIST_FILE = YES;
				INFOPLIST_FILE = AQI_VIPER/Info.plist;
				INFOPLIST_KEY_UIApplicationSupportsIndirectInputEvents = YES;
				INFOPLIST_KEY_UILaunchStoryboardName = LaunchScreen;
				INFOPLIST_KEY_UIMainStoryboardFile = Main;
				INFOPLIST_KEY_UISupportedInterfaceOrientations_iPad = "UIInterfaceOrientationPortrait UIInterfaceOrientationPortraitUpsideDown UIInterfaceOrientationLandscapeLeft UIInterfaceOrientationLandscapeRight";
				INFOPLIST_KEY_UISupportedInterfaceOrientations_iPhone = "UIInterfaceOrientationPortrait UIInterfaceOrientationLandscapeLeft UIInterfaceOrientationLandscapeRight";
				LD_RUNPATH_SEARCH_PATHS = (
					"$(inherited)",
					"@executable_path/Frameworks",
				);
				MARKETING_VERSION = 1.0;
				PRODUCT_BUNDLE_IDENTIFIER = "com.proximity.AQI-VIPER";
				PRODUCT_NAME = "$(TARGET_NAME)";
				SWIFT_EMIT_LOC_STRINGS = YES;
				SWIFT_VERSION = 5.0;
				TARGETED_DEVICE_FAMILY = "1,2";
			};
			name = Debug;
		};
		BF3205EF281BA78800DA47FF /* Release */ = {
			isa = XCBuildConfiguration;
			buildSettings = {
				ASSETCATALOG_COMPILER_APPICON_NAME = AppIcon;
				ASSETCATALOG_COMPILER_GLOBAL_ACCENT_COLOR_NAME = AccentColor;
				CODE_SIGN_STYLE = Automatic;
				CURRENT_PROJECT_VERSION = 1;
				GENERATE_INFOPLIST_FILE = YES;
				INFOPLIST_FILE = AQI_VIPER/Info.plist;
				INFOPLIST_KEY_UIApplicationSupportsIndirectInputEvents = YES;
				INFOPLIST_KEY_UILaunchStoryboardName = LaunchScreen;
				INFOPLIST_KEY_UIMainStoryboardFile = Main;
				INFOPLIST_KEY_UISupportedInterfaceOrientations_iPad = "UIInterfaceOrientationPortrait UIInterfaceOrientationPortraitUpsideDown UIInterfaceOrientationLandscapeLeft UIInterfaceOrientationLandscapeRight";
				INFOPLIST_KEY_UISupportedInterfaceOrientations_iPhone = "UIInterfaceOrientationPortrait UIInterfaceOrientationLandscapeLeft UIInterfaceOrientationLandscapeRight";
				LD_RUNPATH_SEARCH_PATHS = (
					"$(inherited)",
					"@executable_path/Frameworks",
				);
				MARKETING_VERSION = 1.0;
				PRODUCT_BUNDLE_IDENTIFIER = "com.proximity.AQI-VIPER";
				PRODUCT_NAME = "$(TARGET_NAME)";
				SWIFT_EMIT_LOC_STRINGS = YES;
				SWIFT_VERSION = 5.0;
				TARGETED_DEVICE_FAMILY = "1,2";
			};
			name = Release;
		};
		BF3205F1281BA78800DA47FF /* Debug */ = {
			isa = XCBuildConfiguration;
			buildSettings = {
				ALWAYS_EMBED_SWIFT_STANDARD_LIBRARIES = YES;
				BUNDLE_LOADER = "$(TEST_HOST)";
				CODE_SIGN_STYLE = Automatic;
				CURRENT_PROJECT_VERSION = 1;
				GENERATE_INFOPLIST_FILE = YES;
				IPHONEOS_DEPLOYMENT_TARGET = 15.4;
				MARKETING_VERSION = 1.0;
				PRODUCT_BUNDLE_IDENTIFIER = "com.proximity.AQI-VIPERTests";
				PRODUCT_NAME = "$(TARGET_NAME)";
				SWIFT_EMIT_LOC_STRINGS = NO;
				SWIFT_VERSION = 5.0;
				TARGETED_DEVICE_FAMILY = "1,2";
				TEST_HOST = "$(BUILT_PRODUCTS_DIR)/AQI_VIPER.app/AQI_VIPER";
			};
			name = Debug;
		};
		BF3205F2281BA78800DA47FF /* Release */ = {
			isa = XCBuildConfiguration;
			buildSettings = {
				ALWAYS_EMBED_SWIFT_STANDARD_LIBRARIES = YES;
				BUNDLE_LOADER = "$(TEST_HOST)";
				CODE_SIGN_STYLE = Automatic;
				CURRENT_PROJECT_VERSION = 1;
				GENERATE_INFOPLIST_FILE = YES;
				IPHONEOS_DEPLOYMENT_TARGET = 15.4;
				MARKETING_VERSION = 1.0;
				PRODUCT_BUNDLE_IDENTIFIER = "com.proximity.AQI-VIPERTests";
				PRODUCT_NAME = "$(TARGET_NAME)";
				SWIFT_EMIT_LOC_STRINGS = NO;
				SWIFT_VERSION = 5.0;
				TARGETED_DEVICE_FAMILY = "1,2";
				TEST_HOST = "$(BUILT_PRODUCTS_DIR)/AQI_VIPER.app/AQI_VIPER";
			};
			name = Release;
		};
		BF3205F4281BA78800DA47FF /* Debug */ = {
			isa = XCBuildConfiguration;
			buildSettings = {
				ALWAYS_EMBED_SWIFT_STANDARD_LIBRARIES = YES;
				CODE_SIGN_STYLE = Automatic;
				CURRENT_PROJECT_VERSION = 1;
				GENERATE_INFOPLIST_FILE = YES;
				MARKETING_VERSION = 1.0;
				PRODUCT_BUNDLE_IDENTIFIER = "com.proximity.AQI-VIPERUITests";
				PRODUCT_NAME = "$(TARGET_NAME)";
				SWIFT_EMIT_LOC_STRINGS = NO;
				SWIFT_VERSION = 5.0;
				TARGETED_DEVICE_FAMILY = "1,2";
				TEST_TARGET_NAME = AQI_VIPER;
			};
			name = Debug;
		};
		BF3205F5281BA78800DA47FF /* Release */ = {
			isa = XCBuildConfiguration;
			buildSettings = {
				ALWAYS_EMBED_SWIFT_STANDARD_LIBRARIES = YES;
				CODE_SIGN_STYLE = Automatic;
				CURRENT_PROJECT_VERSION = 1;
				GENERATE_INFOPLIST_FILE = YES;
				MARKETING_VERSION = 1.0;
				PRODUCT_BUNDLE_IDENTIFIER = "com.proximity.AQI-VIPERUITests";
				PRODUCT_NAME = "$(TARGET_NAME)";
				SWIFT_EMIT_LOC_STRINGS = NO;
				SWIFT_VERSION = 5.0;
				TARGETED_DEVICE_FAMILY = "1,2";
				TEST_TARGET_NAME = AQI_VIPER;
			};
			name = Release;
		};
/* End XCBuildConfiguration section */

/* Begin XCConfigurationList section */
		BF3205BB281BA78600DA47FF /* Build configuration list for PBXProject "AQI_VIPER" */ = {
			isa = XCConfigurationList;
			buildConfigurations = (
				BF3205EB281BA78800DA47FF /* Debug */,
				BF3205EC281BA78800DA47FF /* Release */,
			);
			defaultConfigurationIsVisible = 0;
			defaultConfigurationName = Release;
		};
		BF3205ED281BA78800DA47FF /* Build configuration list for PBXNativeTarget "AQI_VIPER" */ = {
			isa = XCConfigurationList;
			buildConfigurations = (
				BF3205EE281BA78800DA47FF /* Debug */,
				BF3205EF281BA78800DA47FF /* Release */,
			);
			defaultConfigurationIsVisible = 0;
			defaultConfigurationName = Release;
		};
		BF3205F0281BA78800DA47FF /* Build configuration list for PBXNativeTarget "AQI_VIPERTests" */ = {
			isa = XCConfigurationList;
			buildConfigurations = (
				BF3205F1281BA78800DA47FF /* Debug */,
				BF3205F2281BA78800DA47FF /* Release */,
			);
			defaultConfigurationIsVisible = 0;
			defaultConfigurationName = Release;
		};
		BF3205F3281BA78800DA47FF /* Build configuration list for PBXNativeTarget "AQI_VIPERUITests" */ = {
			isa = XCConfigurationList;
			buildConfigurations = (
				BF3205F4281BA78800DA47FF /* Debug */,
				BF3205F5281BA78800DA47FF /* Release */,
			);
			defaultConfigurationIsVisible = 0;
			defaultConfigurationName = Release;
		};
/* End XCConfigurationList section */

/* Begin XCVersionGroup section */
		BF3205CC281BA78600DA47FF /* AQI_VIPER.xcdatamodeld */ = {
			isa = XCVersionGroup;
			children = (
				BF3205CD281BA78600DA47FF /* AQI_VIPER.xcdatamodel */,
			);
			currentVersion = BF3205CD281BA78600DA47FF /* AQI_VIPER.xcdatamodel */;
			path = AQI_VIPER.xcdatamodeld;
			sourceTree = "<group>";
			versionGroupType = wrapper.xcdatamodel;
		};
/* End XCVersionGroup section */
	};
	rootObject = BF3205B8281BA78600DA47FF /* Project object */;
}
